
Microsoft Visual Studio Solution File, Format Version 12.00
# Visual Studio Version 17
VisualStudioVersion = 17.13.35806.99 d17.13
MinimumVisualStudioVersion = 10.0.40219.1
Project("{FAE04EC0-301F-11D3-BF4B-00C04F79EFBC}") = "WorksSP.AppWebMVC", "WorksSP.AppWebMVC\WorksSP.AppWebMVC.csproj", "{56CBE5CB-E32E-43D0-B003-A3F6CA025118}"
EndProject
Global
	GlobalSection(SolutionConfigurationPlatforms) = preSolution
		Debug|Any CPU = Debug|Any CPU
		Release|Any CPU = Release|Any CPU
	EndGlobalSection
	GlobalSection(ProjectConfigurationPlatforms) = postSolution
		{56CBE5CB-E32E-43D0-B003-A3F6CA025118}.Debug|Any CPU.ActiveCfg = Debug|Any CPU
		{56CBE5CB-E32E-43D0-B003-A3F6CA025118}.Debug|Any CPU.Build.0 = Debug|Any CPU
		{56CBE5CB-E32E-43D0-B003-A3F6CA025118}.Release|Any CPU.ActiveCfg = Release|Any CPU
		{56CBE5CB-E32E-43D0-B003-A3F6CA025118}.Release|Any CPU.Build.0 = Release|Any CPU
	EndGlobalSection
	GlobalSection(SolutionProperties) = preSolution
		HideSolutionNode = FALSE
	EndGlobalSection
	GlobalSection(ExtensibilityGlobals) = postSolution
		SolutionGuid = {02C3C663-035D-4C91-A23D-EA48B59E2158}
	EndGlobalSection
EndGlobal
